{
  "name": "vehicle-tracking-system-messaging",
  "version": "1.0.0",
  "lockfileVersion": 2,
  "requires": true,
  "packages": {
    "": {
      "name": "vehicle-tracking-system-messaging",
      "version": "1.0.0",
      "license": "ISC",
      "dependencies": {
        "neat-csv": "^7.0.0",
        "zeromq": "^5.2.8"
      }
    },
    "node_modules/csv-parser": {
      "version": "3.0.0",
      "resolved": "https://registry.npmjs.org/csv-parser/-/csv-parser-3.0.0.tgz",
      "integrity": "sha512-s6OYSXAK3IdKqYO33y09jhypG/bSDHPuyCme/IdEHfWpLf/jKcpitVFyOC6UemgGk8v7Q5u2XE0vvwmanxhGlQ==",
      "dependencies": {
        "minimist": "^1.2.0"
      },
      "bin": {
        "csv-parser": "bin/csv-parser"
      },
      "engines": {
        "node": ">= 10"
      }
    },
    "node_modules/get-stream": {
      "version": "6.0.1",
      "resolved": "https://registry.npmjs.org/get-stream/-/get-stream-6.0.1.tgz",
      "integrity": "sha512-ts6Wi+2j3jQjqi70w5AlN8DFnkSwC+MqmxEzdEALB2qXZYV3X/b1CTfgPLGJNMeAWxdPfU8FO1ms3NUfaHCPYg==",
      "engines": {
        "node": ">=10"
      },
      "funding": {
        "url": "https://github.com/sponsors/sindresorhus"
      }
    },
    "node_modules/minimist": {
      "version": "1.2.5",
      "resolved": "https://registry.npmjs.org/minimist/-/minimist-1.2.5.tgz",
      "integrity": "sha512-FM9nNUYrRBAELZQT3xeZQ7fmMOBg6nWNmJKTcgsJeaLstP/UODVpGsr5OhXhhXg6f+qtJ8uiZ+PUxkDWcgIXLw=="
    },
    "node_modules/nan": {
      "version": "2.14.2",
      "resolved": "https://registry.npmjs.org/nan/-/nan-2.14.2.tgz",
      "integrity": "sha512-M2ufzIiINKCuDfBSAUr1vWQ+vuVcA9kqx8JJUsbQi6yf1uGRyb7HfpdfUr5qLXf3B/t8dPvcjhKMmlfnP47EzQ=="
    },
    "node_modules/neat-csv": {
      "version": "7.0.0",
      "resolved": "https://registry.npmjs.org/neat-csv/-/neat-csv-7.0.0.tgz",
      "integrity": "sha512-ZmiKZNkdqb6hrBU3lDHm52vWXs6CuFPfw6ZoJZNnY7IIpfA1fxM0UPPi+iQpqQo82qcLbsZPwLkQ1cdrMDtwwA==",
      "dependencies": {
        "csv-parser": "^3.0.0",
        "get-stream": "^6.0.1"
      },
      "engines": {
        "node": "^12.20.0 || ^14.13.1 || >=16.0.0"
      },
      "funding": {
        "url": "https://github.com/sponsors/sindresorhus"
      }
    },
    "node_modules/node-gyp-build": {
      "version": "4.3.0",
      "resolved": "https://registry.npmjs.org/node-gyp-build/-/node-gyp-build-4.3.0.tgz",
      "integrity": "sha512-iWjXZvmboq0ja1pUGULQBexmxq8CV4xBhX7VDOTbL7ZR4FOowwY/VOtRxBN/yKxmdGoIp4j5ysNT4u3S2pDQ3Q==",
      "bin": {
        "node-gyp-build": "bin.js",
        "node-gyp-build-optional": "optional.js",
        "node-gyp-build-test": "build-test.js"
      }
    },
    "node_modules/zeromq": {
      "version": "5.2.8",
      "resolved": "https://registry.npmjs.org/zeromq/-/zeromq-5.2.8.tgz",
      "integrity": "sha512-bXzsk7KOmgLSv1tC0Ms1VXBy90+Rz27ZYf27cLuldRYbpqYpuWJfxxHFhO710t22zgWBnmdUP0m3SKFpLI0u5g==",
      "hasInstallScript": true,
      "dependencies": {
        "nan": "2.14.2",
        "node-gyp-build": "^4.2.3"
      },
      "engines": {
        "node": ">=6.0"
      }
    }
  },
  "dependencies": {
    "csv-parser": {
      "version": "3.0.0",
      "resolved": "https://registry.npmjs.org/csv-parser/-/csv-parser-3.0.0.tgz",
      "integrity": "sha512-s6OYSXAK3IdKqYO33y09jhypG/bSDHPuyCme/IdEHfWpLf/jKcpitVFyOC6UemgGk8v7Q5u2XE0vvwmanxhGlQ==",
      "requires": {
        "minimist": "^1.2.0"
      }
    },
    "get-stream": {
      "version": "6.0.1",
      "resolved": "https://registry.npmjs.org/get-stream/-/get-stream-6.0.1.tgz",
      "integrity": "sha512-ts6Wi+2j3jQjqi70w5AlN8DFnkSwC+MqmxEzdEALB2qXZYV3X/b1CTfgPLGJNMeAWxdPfU8FO1ms3NUfaHCPYg=="
    },
    "minimist": {
      "version": "1.2.5",
      "resolved": "https://registry.npmjs.org/minimist/-/minimist-1.2.5.tgz",
      "integrity": "sha512-FM9nNUYrRBAELZQT3xeZQ7fmMOBg6nWNmJKTcgsJeaLstP/UODVpGsr5OhXhhXg6f+qtJ8uiZ+PUxkDWcgIXLw=="
    },
    "nan": {
      "version": "2.14.2",
      "resolved": "https://registry.npmjs.org/nan/-/nan-2.14.2.tgz",
      "integrity": "sha512-M2ufzIiINKCuDfBSAUr1vWQ+vuVcA9kqx8JJUsbQi6yf1uGRyb7HfpdfUr5qLXf3B/t8dPvcjhKMmlfnP47EzQ=="
    },
    "neat-csv": {
      "version": "7.0.0",
      "resolved": "https://registry.npmjs.org/neat-csv/-/neat-csv-7.0.0.tgz",
      "integrity": "sha512-ZmiKZNkdqb6hrBU3lDHm52vWXs6CuFPfw6ZoJZNnY7IIpfA1fxM0UPPi+iQpqQo82qcLbsZPwLkQ1cdrMDtwwA==",
      "requires": {
        "csv-parser": "^3.0.0",
        "get-stream": "^6.0.1"
      }
    },
    "node-gyp-build": {
      "version": "4.3.0",
      "resolved": "https://registry.npmjs.org/node-gyp-build/-/node-gyp-build-4.3.0.tgz",
      "integrity": "sha512-iWjXZvmboq0ja1pUGULQBexmxq8CV4xBhX7VDOTbL7ZR4FOowwY/VOtRxBN/yKxmdGoIp4j5ysNT4u3S2pDQ3Q=="
    },
    "zeromq": {
      "version": "5.2.8",
      "resolved": "https://registry.npmjs.org/zeromq/-/zeromq-5.2.8.tgz",
      "integrity": "sha512-bXzsk7KOmgLSv1tC0Ms1VXBy90+Rz27ZYf27cLuldRYbpqYpuWJfxxHFhO710t22zgWBnmdUP0m3SKFpLI0u5g==",
      "requires": {
        "nan": "2.14.2",
        "node-gyp-build": "^4.2.3"
      }
    }
  }
}
